Microsoft Visual Studio Solution File, Format Version 12.00
# Visual Studio Version 17
VisualStudioVersion = 17.5.2.0
MinimumVisualStudioVersion = 10.0.40219.1
Project("{2150E333-8FDC-42A3-9474-1A3956D46DE8}") = "notes", "notes", "{59D919E5-3F8F-260B-B386-DA00513BA83C}"
EndProject
Project("{2150E333-8FDC-42A3-9474-1A3956D46DE8}") = "interview-preparation", "interview-preparation", "{5A6160C7-ACA7-AB19-3F02-937F79E9E924}"
EndProject
Project("{FAE04EC0-301F-11D3-BF4B-00C04F79EFBC}") = "basics", "notes\basics\basics.csproj", "{11529722-680B-4F8C-12FC-BC0A12DC1480}"
EndProject
Project("{2150E333-8FDC-42A3-9474-1A3956D46DE8}") = "cs-fundamentals", "cs-fundamentals", "{1805645E-5490-3938-CA5E-92F12B210688}"
EndProject
Project("{FAE04EC0-301F-11D3-BF4B-00C04F79EFBC}") = "00.c#-basics", "interview-preparation\cs-fundamentals\00.c#-basics\00.c#-basics.csproj", "{B94EEC26-49C0-352F-458D-ED3B9E0209F2}"
EndProject
Global
	GlobalSection(SolutionConfigurationPlatforms) = preSolution
		Debug|Any CPU = Debug|Any CPU
		Release|Any CPU = Release|Any CPU
	EndGlobalSection
	GlobalSection(ProjectConfigurationPlatforms) = postSolution
		{11529722-680B-4F8C-12FC-BC0A12DC1480}.Debug|Any CPU.ActiveCfg = Debug|Any CPU
		{11529722-680B-4F8C-12FC-BC0A12DC1480}.Debug|Any CPU.Build.0 = Debug|Any CPU
		{11529722-680B-4F8C-12FC-BC0A12DC1480}.Release|Any CPU.ActiveCfg = Release|Any CPU
		{11529722-680B-4F8C-12FC-BC0A12DC1480}.Release|Any CPU.Build.0 = Release|Any CPU
		{B94EEC26-49C0-352F-458D-ED3B9E0209F2}.Debug|Any CPU.ActiveCfg = Debug|Any CPU
		{B94EEC26-49C0-352F-458D-ED3B9E0209F2}.Debug|Any CPU.Build.0 = Debug|Any CPU
		{B94EEC26-49C0-352F-458D-ED3B9E0209F2}.Release|Any CPU.ActiveCfg = Release|Any CPU
		{B94EEC26-49C0-352F-458D-ED3B9E0209F2}.Release|Any CPU.Build.0 = Release|Any CPU
	EndGlobalSection
	GlobalSection(SolutionProperties) = preSolution
		HideSolutionNode = FALSE
	EndGlobalSection
	GlobalSection(NestedProjects) = preSolution
		{11529722-680B-4F8C-12FC-BC0A12DC1480} = {59D919E5-3F8F-260B-B386-DA00513BA83C}
		{1805645E-5490-3938-CA5E-92F12B210688} = {5A6160C7-ACA7-AB19-3F02-937F79E9E924}
		{B94EEC26-49C0-352F-458D-ED3B9E0209F2} = {1805645E-5490-3938-CA5E-92F12B210688}
	EndGlobalSection
	GlobalSection(ExtensibilityGlobals) = postSolution
		SolutionGuid = {B566C576-AFE7-4180-BC5A-5BBB282A89D8}
	EndGlobalSection
EndGlobal
